
Microsoft Visual Studio Solution File, Format Version 12.00
# Visual Studio Version 16
VisualStudioVersion = 16.0.29519.87
MinimumVisualStudioVersion = 10.0.40219.1
Project("{FAE04EC0-301F-11D3-BF4B-00C04F79EFBC}") = "lab4_Csharp", "lab4_Csharp.csproj", "{5265B4AA-1967-4AFE-9AD8-A40042A6980C}"
EndProject
Global
	GlobalSection(SolutionConfigurationPlatforms) = preSolution
		Debug|Any CPU = Debug|Any CPU
		Release|Any CPU = Release|Any CPU
	EndGlobalSection
	GlobalSection(ProjectConfigurationPlatforms) = postSolution
		{5265B4AA-1967-4AFE-9AD8-A40042A6980C}.Debug|Any CPU.ActiveCfg = Debug|Any CPU
		{5265B4AA-1967-4AFE-9AD8-A40042A6980C}.Debug|Any CPU.Build.0 = Debug|Any CPU
		{5265B4AA-1967-4AFE-9AD8-A40042A6980C}.Release|Any CPU.ActiveCfg = Release|Any CPU
		{5265B4AA-1967-4AFE-9AD8-A40042A6980C}.Release|Any CPU.Build.0 = Release|Any CPU
	EndGlobalSection
	GlobalSection(SolutionProperties) = preSolution
		HideSolutionNode = FALSE
	EndGlobalSection
	GlobalSection(ExtensibilityGlobals) = postSolution
		SolutionGuid = {32EF10CD-B2B7-406F-A800-0C2460069B60}
	EndGlobalSection
EndGlobal
