
Microsoft Visual Studio Solution File, Format Version 12.00
# Visual Studio Version 16
VisualStudioVersion = 16.0.29519.87
MinimumVisualStudioVersion = 10.0.40219.1
Project("{FAE04EC0-301F-11D3-BF4B-00C04F79EFBC}") = "lab1_Csharp", "lab1_Csharp.csproj", "{270F3D77-7FE2-4DE3-933C-55CBE6423BEB}"
EndProject
Global
	GlobalSection(SolutionConfigurationPlatforms) = preSolution
		Debug|Any CPU = Debug|Any CPU
		Release|Any CPU = Release|Any CPU
	EndGlobalSection
	GlobalSection(ProjectConfigurationPlatforms) = postSolution
		{270F3D77-7FE2-4DE3-933C-55CBE6423BEB}.Debug|Any CPU.ActiveCfg = Debug|Any CPU
		{270F3D77-7FE2-4DE3-933C-55CBE6423BEB}.Debug|Any CPU.Build.0 = Debug|Any CPU
		{270F3D77-7FE2-4DE3-933C-55CBE6423BEB}.Release|Any CPU.ActiveCfg = Release|Any CPU
		{270F3D77-7FE2-4DE3-933C-55CBE6423BEB}.Release|Any CPU.Build.0 = Release|Any CPU
	EndGlobalSection
	GlobalSection(SolutionProperties) = preSolution
		HideSolutionNode = FALSE
	EndGlobalSection
	GlobalSection(ExtensibilityGlobals) = postSolution
		SolutionGuid = {E814D2C8-6BA8-4C9F-9CEF-ED6CCA12E75B}
	EndGlobalSection
EndGlobal
